
Microsoft Visual Studio Solution File, Format Version 12.00
# Visual Studio Version 16
VisualStudioVersion = 16.0.31624.102
MinimumVisualStudioVersion = 10.0.40219.1
Project("{FAE04EC0-301F-11D3-BF4B-00C04F79EFBC}") = "EmployeeHierarchy", "EmployeeHierarchy\EmployeeHierarchy.csproj", "{95BBD75C-D2FB-4A92-BE95-EA5D1D06538C}"
EndProject
Project("{FAE04EC0-301F-11D3-BF4B-00C04F79EFBC}") = "EmployeeHierarchyTest", "EmployeeHierarchyTest\EmployeeHierarchyTest.csproj", "{E5AC6620-320E-49DC-9D85-ED304320395A}"
EndProject
Global
	GlobalSection(SolutionConfigurationPlatforms) = preSolution
		Debug|Any CPU = Debug|Any CPU
		Release|Any CPU = Release|Any CPU
	EndGlobalSection
	GlobalSection(ProjectConfigurationPlatforms) = postSolution
		{95BBD75C-D2FB-4A92-BE95-EA5D1D06538C}.Debug|Any CPU.ActiveCfg = Debug|Any CPU
		{95BBD75C-D2FB-4A92-BE95-EA5D1D06538C}.Debug|Any CPU.Build.0 = Debug|Any CPU
		{95BBD75C-D2FB-4A92-BE95-EA5D1D06538C}.Release|Any CPU.ActiveCfg = Release|Any CPU
		{95BBD75C-D2FB-4A92-BE95-EA5D1D06538C}.Release|Any CPU.Build.0 = Release|Any CPU
		{E5AC6620-320E-49DC-9D85-ED304320395A}.Debug|Any CPU.ActiveCfg = Debug|Any CPU
		{E5AC6620-320E-49DC-9D85-ED304320395A}.Debug|Any CPU.Build.0 = Debug|Any CPU
		{E5AC6620-320E-49DC-9D85-ED304320395A}.Release|Any CPU.ActiveCfg = Release|Any CPU
		{E5AC6620-320E-49DC-9D85-ED304320395A}.Release|Any CPU.Build.0 = Release|Any CPU
	EndGlobalSection
	GlobalSection(SolutionProperties) = preSolution
		HideSolutionNode = FALSE
	EndGlobalSection
	GlobalSection(ExtensibilityGlobals) = postSolution
		SolutionGuid = {43B3AADC-D6E5-4E71-B4F7-E75032E41F30}
	EndGlobalSection
EndGlobal
